
Microsoft Visual Studio Solution File, Format Version 12.00
# Visual Studio 14
VisualStudioVersion = 14.0.24720.0
MinimumVisualStudioVersion = 10.0.40219.1
Project("{2150E333-8FDC-42A3-9474-1A3956D46DE8}") = "src", "src", "{68AA4208-948B-4FAB-B467-2FB7BEC1A1A0}"
EndProject
Project("{2150E333-8FDC-42A3-9474-1A3956D46DE8}") = "Solution Items", "Solution Items", "{A15261E0-3B4F-4A4B-95BB-4D548288DA42}"
	ProjectSection(SolutionItems) = preProject
		global.json = global.json
	EndProjectSection
EndProject
Project("{8BB2217D-0F2D-49D1-97BC-3654ED321F3B}") = "New Stuff", "src\New Stuff\New Stuff.xproj", "{C6A02B8F-54BE-4228-A76E-0387D1C64804}"
EndProject
Global
	GlobalSection(SolutionConfigurationPlatforms) = preSolution
		Debug|Any CPU = Debug|Any CPU
		Release|Any CPU = Release|Any CPU
	EndGlobalSection
	GlobalSection(ProjectConfigurationPlatforms) = postSolution
		{C6A02B8F-54BE-4228-A76E-0387D1C64804}.Debug|Any CPU.ActiveCfg = Debug|Any CPU
		{C6A02B8F-54BE-4228-A76E-0387D1C64804}.Debug|Any CPU.Build.0 = Debug|Any CPU
		{C6A02B8F-54BE-4228-A76E-0387D1C64804}.Release|Any CPU.ActiveCfg = Release|Any CPU
		{C6A02B8F-54BE-4228-A76E-0387D1C64804}.Release|Any CPU.Build.0 = Release|Any CPU
	EndGlobalSection
	GlobalSection(SolutionProperties) = preSolution
		HideSolutionNode = FALSE
	EndGlobalSection
	GlobalSection(NestedProjects) = preSolution
		{C6A02B8F-54BE-4228-A76E-0387D1C64804} = {68AA4208-948B-4FAB-B467-2FB7BEC1A1A0}
	EndGlobalSection
EndGlobal
